// !$*UTF8*$!
{
	archiveVersion = 1;
	classes = {
	};
	objectVersion = 50;
	objects = {

/* Begin PBXBuildFile section */
		886DB6DD22B44E0700FEB5F4 /* AppDelegate.swift in Sources */ = {isa = PBXBuildFile; fileRef = 886DB6DC22B44E0700FEB5F4 /* AppDelegate.swift */; };
		886DB6DF22B44E0700FEB5F4 /* ViewController.swift in Sources */ = {isa = PBXBuildFile; fileRef = 886DB6DE22B44E0700FEB5F4 /* ViewController.swift */; };
		886DB6E222B44E0700FEB5F4 /* Main.storyboard in Resources */ = {isa = PBXBuildFile; fileRef = 886DB6E022B44E0700FEB5F4 /* Main.storyboard */; };
		886DB6E422B44E0800FEB5F4 /* Assets.xcassets in Resources */ = {isa = PBXBuildFile; fileRef = 886DB6E322B44E0800FEB5F4 /* Assets.xcassets */; };
		886DB6E722B44E0800FEB5F4 /* LaunchScreen.storyboard in Resources */ = {isa = PBXBuildFile; fileRef = 886DB6E522B44E0800FEB5F4 /* LaunchScreen.storyboard */; };
		886DB6F222B44E0800FEB5F4 /* ARKitPracticeTests.swift in Sources */ = {isa = PBXBuildFile; fileRef = 886DB6F122B44E0800FEB5F4 /* ARKitPracticeTests.swift */; };
		886DB6FD22B44E0800FEB5F4 /* ARKitPracticeUITests.swift in Sources */ = {isa = PBXBuildFile; fileRef = 886DB6FC22B44E0800FEB5F4 /* ARKitPracticeUITests.swift */; };
/* End PBXBuildFile section */

/* Begin PBXContainerItemProxy section */
		886DB6EE22B44E0800FEB5F4 /* PBXContainerItemProxy */ = {
			isa = PBXContainerItemProxy;
			containerPortal = 886DB6D122B44E0700FEB5F4 /* Project object */;
			proxyType = 1;
			remoteGlobalIDString = 886DB6D822B44E0700FEB5F4;
			remoteInfo = ARKitPractice;
		};
		886DB6F922B44E0800FEB5F4 /* PBXContainerItemProxy */ = {
			isa = PBXContainerItemProxy;
			containerPortal = 886DB6D122B44E0700FEB5F4 /* Project object */;
			proxyType = 1;
			remoteGlobalIDString = 886DB6D822B44E0700FEB5F4;
			remoteInfo = ARKitPractice;
		};
/* End PBXContainerItemProxy section */

/* Begin PBXFileReference section */
		886DB6D922B44E0700FEB5F4 /* ARKitPractice.app */ = {isa = PBXFileReference; explicitFileType = wrapper.application; includeInIndex = 0; path = ARKitPractice.app; sourceTree = BUILT_PRODUCTS_DIR; };
		886DB6DC22B44E0700FEB5F4 /* AppDelegate.swift */ = {isa = PBXFileReference; lastKnownFileType = sourcecode.swift; path = AppDelegate.swift; sourceTree = "<group>"; };
		886DB6DE22B44E0700FEB5F4 /* ViewController.swift */ = {isa = PBXFileReference; lastKnownFileType = sourcecode.swift; path = ViewController.swift; sourceTree = "<group>"; };
		886DB6E122B44E0700FEB5F4 /* Base */ = {isa = PBXFileReference; lastKnownFileType = file.storyboard; name = Base; path = Base.lproj/Main.storyboard; sourceTree = "<group>"; };
		886DB6E322B44E0800FEB5F4 /* Assets.xcassets */ = {isa = PBXFileReference; lastKnownFileType = folder.assetcatalog; path = Assets.xcassets; sourceTree = "<group>"; };
		886DB6E622B44E0800FEB5F4 /* Base */ = {isa = PBXFileReference; lastKnownFileType = file.storyboard; name = Base; path = Base.lproj/LaunchScreen.storyboard; sourceTree = "<group>"; };
		886DB6E822B44E0800FEB5F4 /* Info.plist */ = {isa = PBXFileReference; lastKnownFileType = text.plist.xml; path = Info.plist; sourceTree = "<group>"; };
		886DB6ED22B44E0800FEB5F4 /* ARKitPracticeTests.xctest */ = {isa = PBXFileReference; explicitFileType = wrapper.cfbundle; includeInIndex = 0; path = ARKitPracticeTests.xctest; sourceTree = BUILT_PRODUCTS_DIR; };
		886DB6F122B44E0800FEB5F4 /* ARKitPracticeTests.swift */ = {isa = PBXFileReference; lastKnownFileType = sourcecode.swift; path = ARKitPracticeTests.swift; sourceTree = "<group>"; };
		886DB6F322B44E0800FEB5F4 /* Info.plist */ = {isa = PBXFileReference; lastKnownFileType = text.plist.xml; path = Info.plist; sourceTree = "<group>"; };
		886DB6F822B44E0800FEB5F4 /* ARKitPracticeUITests.xctest */ = {isa = PBXFileReference; explicitFileType = wrapper.cfbundle; includeInIndex = 0; path = ARKitPracticeUITests.xctest; sourceTree = BUILT_PRODUCTS_DIR; };
		886DB6FC22B44E0800FEB5F4 /* ARKitPracticeUITests.swift */ = {isa = PBXFileReference; lastKnownFileType = sourcecode.swift; path = ARKitPracticeUITests.swift; sourceTree = "<group>"; };
		886DB6FE22B44E0800FEB5F4 /* Info.plist */ = {isa = PBXFileReference; lastKnownFileType = text.plist.xml; path = Info.plist; sourceTree = "<group>"; };
/* End PBXFileReference section */

/* Begin PBXFrameworksBuildPhase section */
		886DB6D622B44E0700FEB5F4 /* Frameworks */ = {
			isa = PBXFrameworksBuildPhase;
			buildActionMask = 2147483647;
			files = (
			);
			runOnlyForDeploymentPostprocessing = 0;
		};
		886DB6EA22B44E0800FEB5F4 /* Frameworks */ = {
			isa = PBXFrameworksBuildPhase;
			buildActionMask = 2147483647;
			files = (
			);
			runOnlyForDeploymentPostprocessing = 0;
		};
		886DB6F522B44E0800FEB5F4 /* Frameworks */ = {
			isa = PBXFrameworksBuildPhase;
			buildActionMask = 2147483647;
			files = (
			);
			runOnlyForDeploymentPostprocessing = 0;
		};
/* End PBXFrameworksBuildPhase section */

/* Begin PBXGroup section */
		886DB6D022B44E0700FEB5F4 = {
			isa = PBXGroup;
			children = (
				886DB6DB22B44E0700FEB5F4 /* ARKitPractice */,
				886DB6F022B44E0800FEB5F4 /* ARKitPracticeTests */,
				886DB6FB22B44E0800FEB5F4 /* ARKitPracticeUITests */,
				886DB6DA22B44E0700FEB5F4 /* Products */,
			);
			sourceTree = "<group>";
		};
		886DB6DA22B44E0700FEB5F4 /* Products */ = {
			isa = PBXGroup;
			children = (
				886DB6D922B44E0700FEB5F4 /* ARKitPractice.app */,
				886DB6ED22B44E0800FEB5F4 /* ARKitPracticeTests.xctest */,
				886DB6F822B44E0800FEB5F4 /* ARKitPracticeUITests.xctest */,
			);
			name = Products;
			sourceTree = "<group>";
		};
		886DB6DB22B44E0700FEB5F4 /* ARKitPractice */ = {
			isa = PBXGroup;
			children = (
				886DB6DC22B44E0700FEB5F4 /* AppDelegate.swift */,
				886DB6DE22B44E0700FEB5F4 /* ViewController.swift */,
				886DB6E022B44E0700FEB5F4 /* Main.storyboard */,
				886DB6E322B44E0800FEB5F4 /* Assets.xcassets */,
				886DB6E522B44E0800FEB5F4 /* LaunchScreen.storyboard */,
				886DB6E822B44E0800FEB5F4 /* Info.plist */,
			);
			path = ARKitPractice;
			sourceTree = "<group>";
		};
		886DB6F022B44E0800FEB5F4 /* ARKitPracticeTests */ = {
			isa = PBXGroup;
			children = (
				886DB6F122B44E0800FEB5F4 /* ARKitPracticeTests.swift */,
				886DB6F322B44E0800FEB5F4 /* Info.plist */,
			);
			path = ARKitPracticeTests;
			sourceTree = "<group>";
		};
		886DB6FB22B44E0800FEB5F4 /* ARKitPracticeUITests */ = {
			isa = PBXGroup;
			children = (
				886DB6FC22B44E0800FEB5F4 /* ARKitPracticeUITests.swift */,
				886DB6FE22B44E0800FEB5F4 /* Info.plist */,
			);
			path = ARKitPracticeUITests;
			sourceTree = "<group>";
		};
/* End PBXGroup section */

/* Begin PBXNativeTarget section */
		886DB6D822B44E0700FEB5F4 /* ARKitPractice */ = {
			isa = PBXNativeTarget;
			buildConfigurationList = 886DB70122B44E0800FEB5F4 /* Build configuration list for PBXNativeTarget "ARKitPractice" */;
			buildPhases = (
				886DB6D522B44E0700FEB5F4 /* Sources */,
				886DB6D622B44E0700FEB5F4 /* Frameworks */,
				886DB6D722B44E0700FEB5F4 /* Resources */,
			);
			buildRules = (
			);
			dependencies = (
			);
			name = ARKitPractice;
			productName = ARKitPractice;
			productReference = 886DB6D922B44E0700FEB5F4 /* ARKitPractice.app */;
			productType = "com.apple.product-type.application";
		};
		886DB6EC22B44E0800FEB5F4 /* ARKitPracticeTests */ = {
			isa = PBXNativeTarget;
			buildConfigurationList = 886DB70422B44E0800FEB5F4 /* Build configuration list for PBXNativeTarget "ARKitPracticeTests" */;
			buildPhases = (
				886DB6E922B44E0800FEB5F4 /* Sources */,
				886DB6EA22B44E0800FEB5F4 /* Frameworks */,
				886DB6EB22B44E0800FEB5F4 /* Resources */,
			);
			buildRules = (
			);
			dependencies = (
				886DB6EF22B44E0800FEB5F4 /* PBXTargetDependency */,
			);
			name = ARKitPracticeTests;
			productName = ARKitPracticeTests;
			productReference = 886DB6ED22B44E0800FEB5F4 /* ARKitPracticeTests.xctest */;
			productType = "com.apple.product-type.bundle.unit-test";
		};
		886DB6F722B44E0800FEB5F4 /* ARKitPracticeUITests */ = {
			isa = PBXNativeTarget;
			buildConfigurationList = 886DB70722B44E0800FEB5F4 /* Build configuration list for PBXNativeTarget "ARKitPracticeUITests" */;
			buildPhases = (
				886DB6F422B44E0800FEB5F4 /* Sources */,
				886DB6F522B44E0800FEB5F4 /* Frameworks */,
				886DB6F622B44E0800FEB5F4 /* Resources */,
			);
			buildRules = (
			);
			dependencies = (
				886DB6FA22B44E0800FEB5F4 /* PBXTargetDependency */,
			);
			name = ARKitPracticeUITests;
			productName = ARKitPracticeUITests;
			productReference = 886DB6F822B44E0800FEB5F4 /* ARKitPracticeUITests.xctest */;
			productType = "com.apple.product-type.bundle.ui-testing";
		};
/* End PBXNativeTarget section */

/* Begin PBXProject section */
		886DB6D122B44E0700FEB5F4 /* Project object */ = {
			isa = PBXProject;
			attributes = {
				LastSwiftUpdateCheck = 1020;
				LastUpgradeCheck = 1020;
				ORGANIZATIONNAME = katherineli;
				TargetAttributes = {
					886DB6D822B44E0700FEB5F4 = {
						CreatedOnToolsVersion = 10.2.1;
					};
					886DB6EC22B44E0800FEB5F4 = {
						CreatedOnToolsVersion = 10.2.1;
						TestTargetID = 886DB6D822B44E0700FEB5F4;
					};
					886DB6F722B44E0800FEB5F4 = {
						CreatedOnToolsVersion = 10.2.1;
						TestTargetID = 886DB6D822B44E0700FEB5F4;
					};
				};
			};
			buildConfigurationList = 886DB6D422B44E0700FEB5F4 /* Build configuration list for PBXProject "ARKitPractice" */;
			compatibilityVersion = "Xcode 9.3";
			developmentRegion = en;
			hasScannedForEncodings = 0;
			knownRegions = (
				en,
				Base,
			);
			mainGroup = 886DB6D022B44E0700FEB5F4;
			productRefGroup = 886DB6DA22B44E0700FEB5F4 /* Products */;
			projectDirPath = "";
			projectRoot = "";
			targets = (
				886DB6D822B44E0700FEB5F4 /* ARKitPractice */,
				886DB6EC22B44E0800FEB5F4 /* ARKitPracticeTests */,
				886DB6F722B44E0800FEB5F4 /* ARKitPracticeUITests */,
			);
		};
/* End PBXProject section */

/* Begin PBXResourcesBuildPhase section */
		886DB6D722B44E0700FEB5F4 /* Resources */ = {
			isa = PBXResourcesBuildPhase;
			buildActionMask = 2147483647;
			files = (
				886DB6E722B44E0800FEB5F4 /* LaunchScreen.storyboard in Resources */,
				886DB6E422B44E0800FEB5F4 /* Assets.xcassets in Resources */,
				886DB6E222B44E0700FEB5F4 /* Main.storyboard in Resources */,
			);
			runOnlyForDeploymentPostprocessing = 0;
		};
		886DB6EB22B44E0800FEB5F4 /* Resources */ = {
			isa = PBXResourcesBuildPhase;
			buildActionMask = 2147483647;
			files = (
			);
			runOnlyForDeploymentPostprocessing = 0;
		};
		886DB6F622B44E0800FEB5F4 /* Resources */ = {
			isa = PBXResourcesBuildPhase;
			buildActionMask = 2147483647;
			files = (
			);
			runOnlyForDeploymentPostprocessing = 0;
		};
/* End PBXResourcesBuildPhase section */

/* Begin PBXSourcesBuildPhase section */
		886DB6D522B44E0700FEB5F4 /* Sources */ = {
			isa = PBXSourcesBuildPhase;
			buildActionMask = 2147483647;
			files = (
				886DB6DF22B44E0700FEB5F4 /* ViewController.swift in Sources */,
				886DB6DD22B44E0700FEB5F4 /* AppDelegate.swift in Sources */,
			);
			runOnlyForDeploymentPostprocessing = 0;
		};
		886DB6E922B44E0800FEB5F4 /* Sources */ = {
			isa = PBXSourcesBuildPhase;
			buildActionMask = 2147483647;
			files = (
				886DB6F222B44E0800FEB5F4 /* ARKitPracticeTests.swift in Sources */,
			);
			runOnlyForDeploymentPostprocessing = 0;
		};
		886DB6F422B44E0800FEB5F4 /* Sources */ = {
			isa = PBXSourcesBuildPhase;
			buildActionMask = 2147483647;
			files = (
				886DB6FD22B44E0800FEB5F4 /* ARKitPracticeUITests.swift in Sources */,
			);
			runOnlyForDeploymentPostprocessing = 0;
		};
/* End PBXSourcesBuildPhase section */

/* Begin PBXTargetDependency section */
		886DB6EF22B44E0800FEB5F4 /* PBXTargetDependency */ = {
			isa = PBXTargetDependency;
			target = 886DB6D822B44E0700FEB5F4 /* ARKitPractice */;
			targetProxy = 886DB6EE22B44E0800FEB5F4 /* PBXContainerItemProxy */;
		};
		886DB6FA22B44E0800FEB5F4 /* PBXTargetDependency */ = {
			isa = PBXTargetDependency;
			target = 886DB6D822B44E0700FEB5F4 /* ARKitPractice */;
			targetProxy = 886DB6F922B44E0800FEB5F4 /* PBXContainerItemProxy */;
		};
/* End PBXTargetDependency section */

/* Begin PBXVariantGroup section */
		886DB6E022B44E0700FEB5F4 /* Main.storyboard */ = {
			isa = PBXVariantGroup;
			children = (
				886DB6E122B44E0700FEB5F4 /* Base */,
			);
			name = Main.storyboard;
			sourceTree = "<group>";
		};
		886DB6E522B44E0800FEB5F4 /* LaunchScreen.storyboard */ = {
			isa = PBXVariantGroup;
			children = (
				886DB6E622B44E0800FEB5F4 /* Base */,
			);
			name = LaunchScreen.storyboard;
			sourceTree = "<group>";
		};
/* End PBXVariantGroup section */

/* Begin XCBuildConfiguration section */
		886DB6FF22B44E0800FEB5F4 /* Debug */ = {
			isa = XCBuildConfiguration;
			buildSettings = {
				ALWAYS_SEARCH_USER_PATHS = NO;
				CLANG_ANALYZER_NONNULL = YES;
				CLANG_ANALYZER_NUMBER_OBJECT_CONVERSION = YES_AGGRESSIVE;
				CLANG_CXX_LANGUAGE_STANDARD = "gnu++14";
				CLANG_CXX_LIBRARY = "libc++";
				CLANG_ENABLE_MODULES = YES;
				CLANG_ENABLE_OBJC_ARC = YES;
				CLANG_ENABLE_OBJC_WEAK = YES;
				CLANG_WARN_BLOCK_CAPTURE_AUTORELEASING = YES;
				CLANG_WARN_BOOL_CONVERSION = YES;
				CLANG_WARN_COMMA = YES;
				CLANG_WARN_CONSTANT_CONVERSION = YES;
				CLANG_WARN_DEPRECATED_OBJC_IMPLEMENTATIONS = YES;
				CLANG_WARN_DIRECT_OBJC_ISA_USAGE = YES_ERROR;
				CLANG_WARN_DOCUMENTATION_COMMENTS = YES;
				CLANG_WARN_EMPTY_BODY = YES;
				CLANG_WARN_ENUM_CONVERSION = YES;
				CLANG_WARN_INFINITE_RECURSION = YES;
				CLANG_WARN_INT_CONVERSION = YES;
				CLANG_WARN_NON_LITERAL_NULL_CONVERSION = YES;
				CLANG_WARN_OBJC_IMPLICIT_RETAIN_SELF = YES;
				CLANG_WARN_OBJC_LITERAL_CONVERSION = YES;
				CLANG_WARN_OBJC_ROOT_CLASS = YES_ERROR;
				CLANG_WARN_RANGE_LOOP_ANALYSIS = YES;
				CLANG_WARN_STRICT_PROTOTYPES = YES;
				CLANG_WARN_SUSPICIOUS_MOVE = YES;
				CLANG_WARN_UNGUARDED_AVAILABILITY = YES_AGGRESSIVE;
				CLANG_WARN_UNREACHABLE_CODE = YES;
				CLANG_WARN__DUPLICATE_METHOD_MATCH = YES;
				CODE_SIGN_IDENTITY = "iPhone Developer";
				COPY_PHASE_STRIP = NO;
				DEBUG_INFORMATION_FORMAT = dwarf;
				ENABLE_STRICT_OBJC_MSGSEND = YES;
				ENABLE_TESTABILITY = YES;
				GCC_C_LANGUAGE_STANDARD = gnu11;
				GCC_DYNAMIC_NO_PIC = NO;
				GCC_NO_COMMON_BLOCKS = YES;
				GCC_OPTIMIZATION_LEVEL = 0;
				GCC_PREPROCESSOR_DEFINITIONS = (
					"DEBUG=1",
					"$(inherited)",
				);
				GCC_WARN_64_TO_32_BIT_CONVERSION = YES;
				GCC_WARN_ABOUT_RETURN_TYPE = YES_ERROR;
				GCC_WARN_UNDECLARED_SELECTOR = YES;
				GCC_WARN_UNINITIALIZED_AUTOS = YES_AGGRESSIVE;
				GCC_WARN_UNUSED_FUNCTION = YES;
				GCC_WARN_UNUSED_VARIABLE = YES;
				IPHONEOS_DEPLOYMENT_TARGET = 12.2;
				MTL_ENABLE_DEBUG_INFO = INCLUDE_SOURCE;
				MTL_FAST_MATH = YES;
				ONLY_ACTIVE_ARCH = YES;
				SDKROOT = iphoneos;
				SWIFT_ACTIVE_COMPILATION_CONDITIONS = DEBUG;
				SWIFT_OPTIMIZATION_LEVEL = "-Onone";
			};
			name = Debug;
		};
		886DB70022B44E0800FEB5F4 /* Release */ = {
			isa = XCBuildConfiguration;
			buildSettings = {
				ALWAYS_SEARCH_USER_PATHS = NO;
				CLANG_ANALYZER_NONNULL = YES;
				CLANG_ANALYZER_NUMBER_OBJECT_CONVERSION = YES_AGGRESSIVE;
				CLANG_CXX_LANGUAGE_STANDARD = "gnu++14";
				CLANG_CXX_LIBRARY = "libc++";
				CLANG_ENABLE_MODULES = YES;
				CLANG_ENABLE_OBJC_ARC = YES;
				CLANG_ENABLE_OBJC_WEAK = YES;
				CLANG_WARN_BLOCK_CAPTURE_AUTORELEASING = YES;
				CLANG_WARN_BOOL_CONVERSION = YES;
				CLANG_WARN_COMMA = YES;
				CLANG_WARN_CONSTANT_CONVERSION = YES;
				CLANG_WARN_DEPRECATED_OBJC_IMPLEMENTATIONS = YES;
				CLANG_WARN_DIRECT_OBJC_ISA_USAGE = YES_ERROR;
				CLANG_WARN_DOCUMENTATION_COMMENTS = YES;
				CLANG_WARN_EMPTY_BODY = YES;
				CLANG_WARN_ENUM_CONVERSION = YES;
				CLANG_WARN_INFINITE_RECURSION = YES;
				CLANG_WARN_INT_CONVERSION = YES;
				CLANG_WARN_NON_LITERAL_NULL_CONVERSION = YES;
				CLANG_WARN_OBJC_IMPLICIT_RETAIN_SELF = YES;
				CLANG_WARN_OBJC_LITERAL_CONVERSION = YES;
				CLANG_WARN_OBJC_ROOT_CLASS = YES_ERROR;
				CLANG_WARN_RANGE_LOOP_ANALYSIS = YES;
				CLANG_WARN_STRICT_PROTOTYPES = YES;
				CLANG_WARN_SUSPICIOUS_MOVE = YES;
				CLANG_WARN_UNGUARDED_AVAILABILITY = YES_AGGRESSIVE;
				CLANG_WARN_UNREACHABLE_CODE = YES;
				CLANG_WARN__DUPLICATE_METHOD_MATCH = YES;
				CODE_SIGN_IDENTITY = "iPhone Developer";
				COPY_PHASE_STRIP = NO;
				DEBUG_INFORMATION_FORMAT = "dwarf-with-dsym";
				ENABLE_NS_ASSERTIONS = NO;
				ENABLE_STRICT_OBJC_MSGSEND = YES;
				GCC_C_LANGUAGE_STANDARD = gnu11;
				GCC_NO_COMMON_BLOCKS = YES;
				GCC_WARN_64_TO_32_BIT_CONVERSION = YES;
				GCC_WARN_ABOUT_RETURN_TYPE = YES_ERROR;
				GCC_WARN_UNDECLARED_SELECTOR = YES;
				GCC_WARN_UNINITIALIZED_AUTOS = YES_AGGRESSIVE;
				GCC_WARN_UNUSED_FUNCTION = YES;
				GCC_WARN_UNUSED_VARIABLE = YES;
				IPHONEOS_DEPLOYMENT_TARGET = 12.2;
				MTL_ENABLE_DEBUG_INFO = NO;
				MTL_FAST_MATH = YES;
				SDKROOT = iphoneos;
				SWIFT_COMPILATION_MODE = wholemodule;
				SWIFT_OPTIMIZATION_LEVEL = "-O";
				VALIDATE_PRODUCT = YES;
			};
			name = Release;
		};
		886DB70222B44E0800FEB5F4 /* Debug */ = {
			isa = XCBuildConfiguration;
			buildSettings = {
				ASSETCATALOG_COMPILER_APPICON_NAME = AppIcon;
				CODE_SIGN_STYLE = Automatic;
				DEVELOPMENT_TEAM = G2PN39ZR72;
				INFOPLIST_FILE = ARKitPractice/Info.plist;
				LD_RUNPATH_SEARCH_PATHS = (
					"$(inherited)",
					"@executable_path/Frameworks",
				);
				PRODUCT_BUNDLE_IDENTIFIER = katherineli.ARKitPractice;
				PRODUCT_NAME = "$(TARGET_NAME)";
				SWIFT_VERSION = 5.0;
				TARGETED_DEVICE_FAMILY = "1,2";
			};
			name = Debug;
		};
		886DB70322B44E0800FEB5F4 /* Release */ = {
			isa = XCBuildConfiguration;
			buildSettings = {
				ASSETCATALOG_COMPILER_APPICON_NAME = AppIcon;
				CODE_SIGN_STYLE = Automatic;
				DEVELOPMENT_TEAM = G2PN39ZR72;
				INFOPLIST_FILE = ARKitPractice/Info.plist;
				LD_RUNPATH_SEARCH_PATHS = (
					"$(inherited)",
					"@executable_path/Frameworks",
				);
				PRODUCT_BUNDLE_IDENTIFIER = katherineli.ARKitPractice;
				PRODUCT_NAME = "$(TARGET_NAME)";
				SWIFT_VERSION = 5.0;
				TARGETED_DEVICE_FAMILY = "1,2";
			};
			name = Release;
		};
		886DB70522B44E0800FEB5F4 /* Debug */ = {
			isa = XCBuildConfiguration;
			buildSettings = {
				ALWAYS_EMBED_SWIFT_STANDARD_LIBRARIES = YES;
				BUNDLE_LOADER = "$(TEST_HOST)";
				CODE_SIGN_STYLE = Automatic;
				DEVELOPMENT_TEAM = G2PN39ZR72;
				INFOPLIST_FILE = ARKitPracticeTests/Info.plist;
				LD_RUNPATH_SEARCH_PATHS = (
					"$(inherited)",
					"@executable_path/Frameworks",
					"@loader_path/Frameworks",
				);
				PRODUCT_BUNDLE_IDENTIFIER = katherineli.ARKitPracticeTests;
				PRODUCT_NAME = "$(TARGET_NAME)";
				SWIFT_VERSION = 5.0;
				TARGETED_DEVICE_FAMILY = "1,2";
				TEST_HOST = "$(BUILT_PRODUCTS_DIR)/ARKitPractice.app/ARKitPractice";
			};
			name = Debug;
		};
		886DB70622B44E0800FEB5F4 /* Release */ = {
			isa = XCBuildConfiguration;
			buildSettings = {
				ALWAYS_EMBED_SWIFT_STANDARD_LIBRARIES = YES;
				BUNDLE_LOADER = "$(TEST_HOST)";
				CODE_SIGN_STYLE = Automatic;
				DEVELOPMENT_TEAM = G2PN39ZR72;
				INFOPLIST_FILE = ARKitPracticeTests/Info.plist;
				LD_RUNPATH_SEARCH_PATHS = (
					"$(inherited)",
					"@executable_path/Frameworks",
					"@loader_path/Frameworks",
				);
				PRODUCT_BUNDLE_IDENTIFIER = katherineli.ARKitPracticeTests;
				PRODUCT_NAME = "$(TARGET_NAME)";
				SWIFT_VERSION = 5.0;
				TARGETED_DEVICE_FAMILY = "1,2";
				TEST_HOST = "$(BUILT_PRODUCTS_DIR)/ARKitPractice.app/ARKitPractice";
			};
			name = Release;
		};
		886DB70822B44E0800FEB5F4 /* Debug */ = {
			isa = XCBuildConfiguration;
			buildSettings = {
				ALWAYS_EMBED_SWIFT_STANDARD_LIBRARIES = YES;
				CODE_SIGN_STYLE = Automatic;
				DEVELOPMENT_TEAM = G2PN39ZR72;
				INFOPLIST_FILE = ARKitPracticeUITests/Info.plist;
				LD_RUNPATH_SEARCH_PATHS = (
					"$(inherited)",
					"@executable_path/Frameworks",
					"@loader_path/Frameworks",
				);
				PRODUCT_BUNDLE_IDENTIFIER = katherineli.ARKitPracticeUITests;
				PRODUCT_NAME = "$(TARGET_NAME)";
				SWIFT_VERSION = 5.0;
				TARGETED_DEVICE_FAMILY = "1,2";
				TEST_TARGET_NAME = ARKitPractice;
			};
			name = Debug;
		};
		886DB70922B44E0800FEB5F4 /* Release */ = {
			isa = XCBuildConfiguration;
			buildSettings = {
				ALWAYS_EMBED_SWIFT_STANDARD_LIBRARIES = YES;
				CODE_SIGN_STYLE = Automatic;
				DEVELOPMENT_TEAM = G2PN39ZR72;
				INFOPLIST_FILE = ARKitPracticeUITests/Info.plist;
				LD_RUNPATH_SEARCH_PATHS = (
					"$(inherited)",
					"@executable_path/Frameworks",
					"@loader_path/Frameworks",
				);
				PRODUCT_BUNDLE_IDENTIFIER = katherineli.ARKitPracticeUITests;
				PRODUCT_NAME = "$(TARGET_NAME)";
				SWIFT_VERSION = 5.0;
				TARGETED_DEVICE_FAMILY = "1,2";
				TEST_TARGET_NAME = ARKitPractice;
			};
			name = Release;
		};
/* End XCBuildConfiguration section */

/* Begin XCConfigurationList section */
		886DB6D422B44E0700FEB5F4 /* Build configuration list for PBXProject "ARKitPractice" */ = {
			isa = XCConfigurationList;
			buildConfigurations = (
				886DB6FF22B44E0800FEB5F4 /* Debug */,
				886DB70022B44E0800FEB5F4 /* Release */,
			);
			defaultConfigurationIsVisible = 0;
			defaultConfigurationName = Release;
		};
		886DB70122B44E0800FEB5F4 /* Build configuration list for PBXNativeTarget "ARKitPractice" */ = {
			isa = XCConfigurationList;
			buildConfigurations = (
				886DB70222B44E0800FEB5F4 /* Debug */,
				886DB70322B44E0800FEB5F4 /* Release */,
			);
			defaultConfigurationIsVisible = 0;
			defaultConfigurationName = Release;
		};
		886DB70422B44E0800FEB5F4 /* Build configuration list for PBXNativeTarget "ARKitPracticeTests" */ = {
			isa = XCConfigurationList;
			buildConfigurations = (
				886DB70522B44E0800FEB5F4 /* Debug */,
				886DB70622B44E0800FEB5F4 /* Release */,
			);
			defaultConfigurationIsVisible = 0;
			defaultConfigurationName = Release;
		};
		886DB70722B44E0800FEB5F4 /* Build configuration list for PBXNativeTarget "ARKitPracticeUITests" */ = {
			isa = XCConfigurationList;
			buildConfigurations = (
				886DB70822B44E0800FEB5F4 /* Debug */,
				886DB70922B44E0800FEB5F4 /* Release */,
			);
			defaultConfigurationIsVisible = 0;
			defaultConfigurationName = Release;
		};
/* End XCConfigurationList section */
	};
	rootObject = 886DB6D122B44E0700FEB5F4 /* Project object */;
}
